
Microsoft Visual Studio Solution File, Format Version 12.00
# Visual Studio Version 16
VisualStudioVersion = 16.0.30413.136
MinimumVisualStudioVersion = 10.0.40219.1
Project("{8BC9CEB8-8B4A-11D0-8D11-00A0C91BC942}") = "MLB_Games", "MLB_Games.vcxproj", "{70B52CBF-796B-49BD-9AFE-FEF450D6FED6}"
EndProject
Global
	GlobalSection(SolutionConfigurationPlatforms) = preSolution
		Debug|x64 = Debug|x64
		Debug|x86 = Debug|x86
		Release|x64 = Release|x64
		Release|x86 = Release|x86
	EndGlobalSection
	GlobalSection(ProjectConfigurationPlatforms) = postSolution
		{70B52CBF-796B-49BD-9AFE-FEF450D6FED6}.Debug|x64.ActiveCfg = Debug|x64
		{70B52CBF-796B-49BD-9AFE-FEF450D6FED6}.Debug|x64.Build.0 = Debug|x64
		{70B52CBF-796B-49BD-9AFE-FEF450D6FED6}.Debug|x86.ActiveCfg = Debug|Win32
		{70B52CBF-796B-49BD-9AFE-FEF450D6FED6}.Debug|x86.Build.0 = Debug|Win32
		{70B52CBF-796B-49BD-9AFE-FEF450D6FED6}.Release|x64.ActiveCfg = Release|x64
		{70B52CBF-796B-49BD-9AFE-FEF450D6FED6}.Release|x64.Build.0 = Release|x64
		{70B52CBF-796B-49BD-9AFE-FEF450D6FED6}.Release|x86.ActiveCfg = Release|Win32
		{70B52CBF-796B-49BD-9AFE-FEF450D6FED6}.Release|x86.Build.0 = Release|Win32
	EndGlobalSection
	GlobalSection(SolutionProperties) = preSolution
		HideSolutionNode = FALSE
	EndGlobalSection
	GlobalSection(ExtensibilityGlobals) = postSolution
		SolutionGuid = {EB13A9F1-5BD9-4C59-8756-A6C95242A7B6}
	EndGlobalSection
EndGlobal
